
Microsoft Visual Studio Solution File, Format Version 12.00
# Visual Studio Version 17
VisualStudioVersion = 17.10.34916.146
MinimumVisualStudioVersion = 10.0.40219.1
Project("{FAE04EC0-301F-11D3-BF4B-00C04F79EFBC}") = "HNGTask2", "HNGTask2.csproj", "{E55214EE-E6A4-4E1B-9A69-12E5D40F26FD}"
EndProject
Global
	GlobalSection(SolutionConfigurationPlatforms) = preSolution
		Debug|Any CPU = Debug|Any CPU
		Release|Any CPU = Release|Any CPU
	EndGlobalSection
	GlobalSection(ProjectConfigurationPlatforms) = postSolution
		{E55214EE-E6A4-4E1B-9A69-12E5D40F26FD}.Debug|Any CPU.ActiveCfg = Debug|Any CPU
		{E55214EE-E6A4-4E1B-9A69-12E5D40F26FD}.Debug|Any CPU.Build.0 = Debug|Any CPU
		{E55214EE-E6A4-4E1B-9A69-12E5D40F26FD}.Release|Any CPU.ActiveCfg = Release|Any CPU
		{E55214EE-E6A4-4E1B-9A69-12E5D40F26FD}.Release|Any CPU.Build.0 = Release|Any CPU
	EndGlobalSection
	GlobalSection(SolutionProperties) = preSolution
		HideSolutionNode = FALSE
	EndGlobalSection
	GlobalSection(ExtensibilityGlobals) = postSolution
		SolutionGuid = {FED32A29-954C-42DE-AABF-BA2CD958714F}
	EndGlobalSection
EndGlobal
